
Microsoft Visual Studio Solution File, Format Version 12.00
# Visual Studio Version 17
VisualStudioVersion = 17.14.36414.22
MinimumVisualStudioVersion = 10.0.40219.1
Project("{FAE04EC0-301F-11D3-BF4B-00C04F79EFBC}") = "Battleship", "Battleship\Battleship.csproj", "{D28AEAAF-56B2-420C-8049-2863096F1A3D}"
EndProject
Global
	GlobalSection(SolutionConfigurationPlatforms) = preSolution
		Debug|Any CPU = Debug|Any CPU
		Release|Any CPU = Release|Any CPU
	EndGlobalSection
	GlobalSection(ProjectConfigurationPlatforms) = postSolution
		{D28AEAAF-56B2-420C-8049-2863096F1A3D}.Debug|Any CPU.ActiveCfg = Debug|Any CPU
		{D28AEAAF-56B2-420C-8049-2863096F1A3D}.Debug|Any CPU.Build.0 = Debug|Any CPU
		{D28AEAAF-56B2-420C-8049-2863096F1A3D}.Release|Any CPU.ActiveCfg = Release|Any CPU
		{D28AEAAF-56B2-420C-8049-2863096F1A3D}.Release|Any CPU.Build.0 = Release|Any CPU
	EndGlobalSection
	GlobalSection(SolutionProperties) = preSolution
		HideSolutionNode = FALSE
	EndGlobalSection
	GlobalSection(ExtensibilityGlobals) = postSolution
		SolutionGuid = {0897A879-1C2A-4AE6-9B83-4D391B2A9BEA}
	EndGlobalSection
EndGlobal
